// !$*UTF8*$!
{
	archiveVersion = 1;
	classes = {
	};
	objectVersion = 56;
	objects = {

/* Begin PBXBuildFile section */
		013F29E22BB1DCD500C837E0 /* CameraService.swift in Sources */ = {isa = PBXBuildFile; fileRef = 013F29E12BB1DCD500C837E0 /* CameraService.swift */; };
		018835A52BB008CB00AF5897 /* NSNotification.Name.ext.swift in Sources */ = {isa = PBXBuildFile; fileRef = 018835A42BB008CB00AF5897 /* NSNotification.Name.ext.swift */; };
		018835A82BB00DAE00AF5897 /* CameraViewPresenter.swift in Sources */ = {isa = PBXBuildFile; fileRef = 018835A72BB00DAE00AF5897 /* CameraViewPresenter.swift */; };
		01CA677D2BA2BD1400D4ACAD /* AppDelegate.swift in Sources */ = {isa = PBXBuildFile; fileRef = 01CA677C2BA2BD1400D4ACAD /* AppDelegate.swift */; };
		01CA677F2BA2BD1400D4ACAD /* SceneDelegate.swift in Sources */ = {isa = PBXBuildFile; fileRef = 01CA677E2BA2BD1400D4ACAD /* SceneDelegate.swift */; };
		01CA67862BA2BD1700D4ACAD /* Assets.xcassets in Resources */ = {isa = PBXBuildFile; fileRef = 01CA67852BA2BD1700D4ACAD /* Assets.xcassets */; };
		01CA67892BA2BD1700D4ACAD /* LaunchScreen.storyboard in Resources */ = {isa = PBXBuildFile; fileRef = 01CA67872BA2BD1700D4ACAD /* LaunchScreen.storyboard */; };
		01CA67952BA2BF5800D4ACAD /* PasscodeView.swift in Sources */ = {isa = PBXBuildFile; fileRef = 01CA67942BA2BF5800D4ACAD /* PasscodeView.swift */; };
		01CA67992BA2BF8900D4ACAD /* Builder.swift in Sources */ = {isa = PBXBuildFile; fileRef = 01CA67982BA2BF8900D4ACAD /* Builder.swift */; };
		01CA679C2BA2C1C000D4ACAD /* PasscodePresenter.swift in Sources */ = {isa = PBXBuildFile; fileRef = 01CA679B2BA2C1C000D4ACAD /* PasscodePresenter.swift */; };
		01CA679F2BA2C77C00D4ACAD /* UIVew.ext.swift in Sources */ = {isa = PBXBuildFile; fileRef = 01CA679E2BA2C77C00D4ACAD /* UIVew.ext.swift */; };
		01CA67A22BA4223500D4ACAD /* KeychainManager.swift in Sources */ = {isa = PBXBuildFile; fileRef = 01CA67A12BA4223500D4ACAD /* KeychainManager.swift */; };
		01CA67A52BA422C000D4ACAD /* KeychainAccess in Frameworks */ = {isa = PBXBuildFile; productRef = 01CA67A42BA422BF00D4ACAD /* KeychainAccess */; };
		01CA67A72BA427F000D4ACAD /* StringProtocolExtesion.swift in Sources */ = {isa = PBXBuildFile; fileRef = 01CA67A62BA427F000D4ACAD /* StringProtocolExtesion.swift */; };
		01CA67B22BA42EE800D4ACAD /* MainSreenView.swift in Sources */ = {isa = PBXBuildFile; fileRef = 01CA67B12BA42EE800D4ACAD /* MainSreenView.swift */; };
		01CA67B62BA42F2C00D4ACAD /* FavoritView.swift in Sources */ = {isa = PBXBuildFile; fileRef = 01CA67B52BA42F2C00D4ACAD /* FavoritView.swift */; };
		01CA67B82BA42F3F00D4ACAD /* CameraView.swift in Sources */ = {isa = PBXBuildFile; fileRef = 01CA67B72BA42F3F00D4ACAD /* CameraView.swift */; };
		01CA67BA2BA42F7400D4ACAD /* TabBarView.swift in Sources */ = {isa = PBXBuildFile; fileRef = 01CA67B92BA42F7400D4ACAD /* TabBarView.swift */; };
		01CA67BC2BA42FA700D4ACAD /* TabBarViewPresenter.swift in Sources */ = {isa = PBXBuildFile; fileRef = 01CA67BB2BA42FA700D4ACAD /* TabBarViewPresenter.swift */; };
		01CA67BE2BA433A600D4ACAD /* MainSreenPresenter.swift in Sources */ = {isa = PBXBuildFile; fileRef = 01CA67BD2BA433A600D4ACAD /* MainSreenPresenter.swift */; };
		01CA67C02BA6CFFD00D4ACAD /* MainPostCell.swift in Sources */ = {isa = PBXBuildFile; fileRef = 01CA67BF2BA6CFFC00D4ACAD /* MainPostCell.swift */; };
		01CA67C22BA6D05800D4ACAD /* MainPostHeader.swift in Sources */ = {isa = PBXBuildFile; fileRef = 01CA67C12BA6D05800D4ACAD /* MainPostHeader.swift */; };
		01CA67C42BA6D24600D4ACAD /* File.swift in Sources */ = {isa = PBXBuildFile; fileRef = 01CA67C32BA6D24600D4ACAD /* File.swift */; };
		01CA67C62BA6D25C00D4ACAD /* PostItem.swift in Sources */ = {isa = PBXBuildFile; fileRef = 01CA67C52BA6D25C00D4ACAD /* PostItem.swift */; };
		01CA67C82BA8195800D4ACAD /* Date.ext.swift in Sources */ = {isa = PBXBuildFile; fileRef = 01CA67C72BA8195800D4ACAD /* Date.ext.swift */; };
		01CA67CA2BA8242F00D4ACAD /* UIAplication.ext.swift in Sources */ = {isa = PBXBuildFile; fileRef = 01CA67C92BA8242F00D4ACAD /* UIAplication.ext.swift */; };
		01CA67CE2BA961CE00D4ACAD /* TagCollectionView.swift in Sources */ = {isa = PBXBuildFile; fileRef = 01CA67CD2BA961CE00D4ACAD /* TagCollectionView.swift */; };
		01CA67D02BA9636F00D4ACAD /* TagCollectionCell.swift in Sources */ = {isa = PBXBuildFile; fileRef = 01CA67CF2BA9636F00D4ACAD /* TagCollectionCell.swift */; };
		01CA67D32BA9731D00D4ACAD /* FavoriteViewPresenter.swift in Sources */ = {isa = PBXBuildFile; fileRef = 01CA67D22BA9731D00D4ACAD /* FavoriteViewPresenter.swift */; };
		01CA67D52BA97CF400D4ACAD /* FavoriteCell.swift in Sources */ = {isa = PBXBuildFile; fileRef = 01CA67D42BA97CF400D4ACAD /* FavoriteCell.swift */; };
		01CA67DA2BAACA8400D4ACAD /* DetailsView.swift in Sources */ = {isa = PBXBuildFile; fileRef = 01CA67D92BAACA8400D4ACAD /* DetailsView.swift */; };
		01CA67DC2BAACA9A00D4ACAD /* DetailsViewPresenter.swift in Sources */ = {isa = PBXBuildFile; fileRef = 01CA67DB2BAACA9A00D4ACAD /* DetailsViewPresenter.swift */; };
		01CA67DF2BAACF2400D4ACAD /* NavigationHeader.swift in Sources */ = {isa = PBXBuildFile; fileRef = 01CA67DE2BAACF2400D4ACAD /* NavigationHeader.swift */; };
		01CA67E22BAD515800D4ACAD /* DetailsPhotoCell.swift in Sources */ = {isa = PBXBuildFile; fileRef = 01CA67E12BAD515800D4ACAD /* DetailsPhotoCell.swift */; };
		01CA67E42BAD555400D4ACAD /* DetailsDescriptionCell.swift in Sources */ = {isa = PBXBuildFile; fileRef = 01CA67E32BAD555400D4ACAD /* DetailsDescriptionCell.swift */; };
		01CA67E62BAD5D2300D4ACAD /* DetailsAddCommnetCell.swift in Sources */ = {isa = PBXBuildFile; fileRef = 01CA67E52BAD5D2300D4ACAD /* DetailsAddCommnetCell.swift */; };
		01CA67E82BAD5DE300D4ACAD /* UITextFiled.ext.swift in Sources */ = {isa = PBXBuildFile; fileRef = 01CA67E72BAD5DE300D4ACAD /* UITextFiled.ext.swift */; };
		01CA67EA2BAD611C00D4ACAD /* DetailsMapCell.swift in Sources */ = {isa = PBXBuildFile; fileRef = 01CA67E92BAD611C00D4ACAD /* DetailsMapCell.swift */; };
		01CA67EF2BAD657000D4ACAD /* PhotoView.swift in Sources */ = {isa = PBXBuildFile; fileRef = 01CA67EE2BAD657000D4ACAD /* PhotoView.swift */; };
		01CA67F12BAD6B1100D4ACAD /* PhotoViewPresenter.swift in Sources */ = {isa = PBXBuildFile; fileRef = 01CA67F02BAD6B1100D4ACAD /* PhotoViewPresenter.swift */; };
/* End PBXBuildFile section */

/* Begin PBXFileReference section */
		013F29E12BB1DCD500C837E0 /* CameraService.swift */ = {isa = PBXFileReference; lastKnownFileType = sourcecode.swift; path = CameraService.swift; sourceTree = "<group>"; };
		018835A42BB008CB00AF5897 /* NSNotification.Name.ext.swift */ = {isa = PBXFileReference; lastKnownFileType = sourcecode.swift; path = NSNotification.Name.ext.swift; sourceTree = "<group>"; };
		018835A72BB00DAE00AF5897 /* CameraViewPresenter.swift */ = {isa = PBXFileReference; lastKnownFileType = sourcecode.swift; path = CameraViewPresenter.swift; sourceTree = "<group>"; };
		01CA67792BA2BD1400D4ACAD /* App1.app */ = {isa = PBXFileReference; explicitFileType = wrapper.application; includeInIndex = 0; path = App1.app; sourceTree = BUILT_PRODUCTS_DIR; };
		01CA677C2BA2BD1400D4ACAD /* AppDelegate.swift */ = {isa = PBXFileReference; lastKnownFileType = sourcecode.swift; path = AppDelegate.swift; sourceTree = "<group>"; };
		01CA677E2BA2BD1400D4ACAD /* SceneDelegate.swift */ = {isa = PBXFileReference; lastKnownFileType = sourcecode.swift; path = SceneDelegate.swift; sourceTree = "<group>"; };
		01CA67852BA2BD1700D4ACAD /* Assets.xcassets */ = {isa = PBXFileReference; lastKnownFileType = folder.assetcatalog; path = Assets.xcassets; sourceTree = "<group>"; };
		01CA67882BA2BD1700D4ACAD /* Base */ = {isa = PBXFileReference; lastKnownFileType = file.storyboard; name = Base; path = Base.lproj/LaunchScreen.storyboard; sourceTree = "<group>"; };
		01CA678A2BA2BD1700D4ACAD /* Info.plist */ = {isa = PBXFileReference; lastKnownFileType = text.plist.xml; path = Info.plist; sourceTree = "<group>"; };
		01CA67942BA2BF5800D4ACAD /* PasscodeView.swift */ = {isa = PBXFileReference; lastKnownFileType = sourcecode.swift; path = PasscodeView.swift; sourceTree = "<group>"; };
		01CA67982BA2BF8900D4ACAD /* Builder.swift */ = {isa = PBXFileReference; lastKnownFileType = sourcecode.swift; path = Builder.swift; sourceTree = "<group>"; };
		01CA679B2BA2C1C000D4ACAD /* PasscodePresenter.swift */ = {isa = PBXFileReference; lastKnownFileType = sourcecode.swift; path = PasscodePresenter.swift; sourceTree = "<group>"; };
		01CA679E2BA2C77C00D4ACAD /* UIVew.ext.swift */ = {isa = PBXFileReference; lastKnownFileType = sourcecode.swift; path = UIVew.ext.swift; sourceTree = "<group>"; };
		01CA67A12BA4223500D4ACAD /* KeychainManager.swift */ = {isa = PBXFileReference; lastKnownFileType = sourcecode.swift; path = KeychainManager.swift; sourceTree = "<group>"; };
		01CA67A62BA427F000D4ACAD /* StringProtocolExtesion.swift */ = {isa = PBXFileReference; lastKnownFileType = sourcecode.swift; path = StringProtocolExtesion.swift; sourceTree = "<group>"; };
		01CA67B12BA42EE800D4ACAD /* MainSreenView.swift */ = {isa = PBXFileReference; lastKnownFileType = sourcecode.swift; path = MainSreenView.swift; sourceTree = "<group>"; };
		01CA67B52BA42F2C00D4ACAD /* FavoritView.swift */ = {isa = PBXFileReference; lastKnownFileType = sourcecode.swift; path = FavoritView.swift; sourceTree = "<group>"; };
		01CA67B72BA42F3F00D4ACAD /* CameraView.swift */ = {isa = PBXFileReference; lastKnownFileType = sourcecode.swift; path = CameraView.swift; sourceTree = "<group>"; };
		01CA67B92BA42F7400D4ACAD /* TabBarView.swift */ = {isa = PBXFileReference; lastKnownFileType = sourcecode.swift; path = TabBarView.swift; sourceTree = "<group>"; };
		01CA67BB2BA42FA700D4ACAD /* TabBarViewPresenter.swift */ = {isa = PBXFileReference; lastKnownFileType = sourcecode.swift; path = TabBarViewPresenter.swift; sourceTree = "<group>"; };
		01CA67BD2BA433A600D4ACAD /* MainSreenPresenter.swift */ = {isa = PBXFileReference; lastKnownFileType = sourcecode.swift; path = MainSreenPresenter.swift; sourceTree = "<group>"; };
		01CA67BF2BA6CFFC00D4ACAD /* MainPostCell.swift */ = {isa = PBXFileReference; lastKnownFileType = sourcecode.swift; path = MainPostCell.swift; sourceTree = "<group>"; };
		01CA67C12BA6D05800D4ACAD /* MainPostHeader.swift */ = {isa = PBXFileReference; lastKnownFileType = sourcecode.swift; path = MainPostHeader.swift; sourceTree = "<group>"; };
		01CA67C32BA6D24600D4ACAD /* File.swift */ = {isa = PBXFileReference; lastKnownFileType = sourcecode.swift; path = File.swift; sourceTree = "<group>"; };
		01CA67C52BA6D25C00D4ACAD /* PostItem.swift */ = {isa = PBXFileReference; lastKnownFileType = sourcecode.swift; path = PostItem.swift; sourceTree = "<group>"; };
		01CA67C72BA8195800D4ACAD /* Date.ext.swift */ = {isa = PBXFileReference; lastKnownFileType = sourcecode.swift; path = Date.ext.swift; sourceTree = "<group>"; };
		01CA67C92BA8242F00D4ACAD /* UIAplication.ext.swift */ = {isa = PBXFileReference; lastKnownFileType = sourcecode.swift; path = UIAplication.ext.swift; sourceTree = "<group>"; };
		01CA67CD2BA961CE00D4ACAD /* TagCollectionView.swift */ = {isa = PBXFileReference; lastKnownFileType = sourcecode.swift; path = TagCollectionView.swift; sourceTree = "<group>"; };
		01CA67CF2BA9636F00D4ACAD /* TagCollectionCell.swift */ = {isa = PBXFileReference; lastKnownFileType = sourcecode.swift; path = TagCollectionCell.swift; sourceTree = "<group>"; };
		01CA67D22BA9731D00D4ACAD /* FavoriteViewPresenter.swift */ = {isa = PBXFileReference; lastKnownFileType = sourcecode.swift; path = FavoriteViewPresenter.swift; sourceTree = "<group>"; };
		01CA67D42BA97CF400D4ACAD /* FavoriteCell.swift */ = {isa = PBXFileReference; lastKnownFileType = sourcecode.swift; path = FavoriteCell.swift; sourceTree = "<group>"; };
		01CA67D92BAACA8400D4ACAD /* DetailsView.swift */ = {isa = PBXFileReference; lastKnownFileType = sourcecode.swift; path = DetailsView.swift; sourceTree = "<group>"; };
		01CA67DB2BAACA9A00D4ACAD /* DetailsViewPresenter.swift */ = {isa = PBXFileReference; lastKnownFileType = sourcecode.swift; path = DetailsViewPresenter.swift; sourceTree = "<group>"; };
		01CA67DE2BAACF2400D4ACAD /* NavigationHeader.swift */ = {isa = PBXFileReference; lastKnownFileType = sourcecode.swift; path = NavigationHeader.swift; sourceTree = "<group>"; };
		01CA67E12BAD515800D4ACAD /* DetailsPhotoCell.swift */ = {isa = PBXFileReference; lastKnownFileType = sourcecode.swift; path = DetailsPhotoCell.swift; sourceTree = "<group>"; };
		01CA67E32BAD555400D4ACAD /* DetailsDescriptionCell.swift */ = {isa = PBXFileReference; lastKnownFileType = sourcecode.swift; path = DetailsDescriptionCell.swift; sourceTree = "<group>"; };
		01CA67E52BAD5D2300D4ACAD /* DetailsAddCommnetCell.swift */ = {isa = PBXFileReference; lastKnownFileType = sourcecode.swift; path = DetailsAddCommnetCell.swift; sourceTree = "<group>"; };
		01CA67E72BAD5DE300D4ACAD /* UITextFiled.ext.swift */ = {isa = PBXFileReference; lastKnownFileType = sourcecode.swift; path = UITextFiled.ext.swift; sourceTree = "<group>"; };
		01CA67E92BAD611C00D4ACAD /* DetailsMapCell.swift */ = {isa = PBXFileReference; lastKnownFileType = sourcecode.swift; path = DetailsMapCell.swift; sourceTree = "<group>"; };
		01CA67EE2BAD657000D4ACAD /* PhotoView.swift */ = {isa = PBXFileReference; lastKnownFileType = sourcecode.swift; path = PhotoView.swift; sourceTree = "<group>"; };
		01CA67F02BAD6B1100D4ACAD /* PhotoViewPresenter.swift */ = {isa = PBXFileReference; lastKnownFileType = sourcecode.swift; path = PhotoViewPresenter.swift; sourceTree = "<group>"; };
/* End PBXFileReference section */

/* Begin PBXFrameworksBuildPhase section */
		01CA67762BA2BD1400D4ACAD /* Frameworks */ = {
			isa = PBXFrameworksBuildPhase;
			buildActionMask = 2147483647;
			files = (
				01CA67A52BA422C000D4ACAD /* KeychainAccess in Frameworks */,
			);
			runOnlyForDeploymentPostprocessing = 0;
		};
/* End PBXFrameworksBuildPhase section */

/* Begin PBXGroup section */
		013F29E02BB1DCAF00C837E0 /* CameraService */ = {
			isa = PBXGroup;
			children = (
				013F29E12BB1DCD500C837E0 /* CameraService.swift */,
			);
			path = CameraService;
			sourceTree = "<group>";
		};
		018835A62BB00D9E00AF5897 /* Presenter */ = {
			isa = PBXGroup;
			children = (
				018835A72BB00DAE00AF5897 /* CameraViewPresenter.swift */,
			);
			path = Presenter;
			sourceTree = "<group>";
		};
		01CA67702BA2BD1400D4ACAD = {
			isa = PBXGroup;
			children = (
				01CA677B2BA2BD1400D4ACAD /* App1 */,
				01CA677A2BA2BD1400D4ACAD /* Products */,
			);
			sourceTree = "<group>";
		};
		01CA677A2BA2BD1400D4ACAD /* Products */ = {
			isa = PBXGroup;
			children = (
				01CA67792BA2BD1400D4ACAD /* App1.app */,
			);
			name = Products;
			sourceTree = "<group>";
		};
		01CA677B2BA2BD1400D4ACAD /* App1 */ = {
			isa = PBXGroup;
			children = (
				01CA67CB2BA961AB00D4ACAD /* Helpers */,
				01CA67A02BA4221800D4ACAD /* KeychainManager */,
				01CA679D2BA2C76500D4ACAD /* Extesion */,
				01CA679A2BA2C01D00D4ACAD /* Common */,
				01CA67972BA2BF7900D4ACAD /* Belder */,
				01CA67902BA2BE9800D4ACAD /* Module */,
				01CA67852BA2BD1700D4ACAD /* Assets.xcassets */,
				01CA67872BA2BD1700D4ACAD /* LaunchScreen.storyboard */,
				01CA678A2BA2BD1700D4ACAD /* Info.plist */,
			);
			path = App1;
			sourceTree = "<group>";
		};
		01CA67902BA2BE9800D4ACAD /* Module */ = {
			isa = PBXGroup;
			children = (
				01CA67EB2BAD64D300D4ACAD /* PhotoViewModule */,
				01CA67D62BAACA2F00D4ACAD /* DetailsModule */,
				01CA67B02BA42EB100D4ACAD /* CameraModule */,
				01CA67AF2BA42E9E00D4ACAD /* FavoriteModule */,
				01CA67AB2BA42DF100D4ACAD /* MainScreenModule */,
				01CA67A82BA42DAF00D4ACAD /* TabBarModule */,
				01CA67912BA2BEF300D4ACAD /* PasscodeModule */,
				01CA67C32BA6D24600D4ACAD /* File.swift */,
			);
			path = Module;
			sourceTree = "<group>";
		};
		01CA67912BA2BEF300D4ACAD /* PasscodeModule */ = {
			isa = PBXGroup;
			children = (
				01CA67962BA2BF6200D4ACAD /* Presenter */,
				01CA67932BA2BF3600D4ACAD /* View */,
				01CA67922BA2BF2200D4ACAD /* Model */,
			);
			path = PasscodeModule;
			sourceTree = "<group>";
		};
		01CA67922BA2BF2200D4ACAD /* Model */ = {
			isa = PBXGroup;
			children = (
			);
			path = Model;
			sourceTree = "<group>";
		};
		01CA67932BA2BF3600D4ACAD /* View */ = {
			isa = PBXGroup;
			children = (
				01CA67942BA2BF5800D4ACAD /* PasscodeView.swift */,
			);
			path = View;
			sourceTree = "<group>";
		};
		01CA67962BA2BF6200D4ACAD /* Presenter */ = {
			isa = PBXGroup;
			children = (
				01CA679B2BA2C1C000D4ACAD /* PasscodePresenter.swift */,
			);
			path = Presenter;
			sourceTree = "<group>";
		};
		01CA67972BA2BF7900D4ACAD /* Belder */ = {
			isa = PBXGroup;
			children = (
				01CA67982BA2BF8900D4ACAD /* Builder.swift */,
			);
			path = Belder;
			sourceTree = "<group>";
		};
		01CA679A2BA2C01D00D4ACAD /* Common */ = {
			isa = PBXGroup;
			children = (
				01CA677C2BA2BD1400D4ACAD /* AppDelegate.swift */,
				01CA677E2BA2BD1400D4ACAD /* SceneDelegate.swift */,
			);
			path = Common;
			sourceTree = "<group>";
		};
		01CA679D2BA2C76500D4ACAD /* Extesion */ = {
			isa = PBXGroup;
			children = (
				01CA679E2BA2C77C00D4ACAD /* UIVew.ext.swift */,
				01CA67A62BA427F000D4ACAD /* StringProtocolExtesion.swift */,
				01CA67C72BA8195800D4ACAD /* Date.ext.swift */,
				01CA67C92BA8242F00D4ACAD /* UIAplication.ext.swift */,
				01CA67E72BAD5DE300D4ACAD /* UITextFiled.ext.swift */,
				018835A42BB008CB00AF5897 /* NSNotification.Name.ext.swift */,
			);
			path = Extesion;
			sourceTree = "<group>";
		};
		01CA67A02BA4221800D4ACAD /* KeychainManager */ = {
			isa = PBXGroup;
			children = (
				01CA67A12BA4223500D4ACAD /* KeychainManager.swift */,
			);
			path = KeychainManager;
			sourceTree = "<group>";
		};
		01CA67A82BA42DAF00D4ACAD /* TabBarModule */ = {
			isa = PBXGroup;
			children = (
				01CA67AA2BA42DCA00D4ACAD /* Presenter */,
				01CA67A92BA42DBE00D4ACAD /* View */,
			);
			path = TabBarModule;
			sourceTree = "<group>";
		};
		01CA67A92BA42DBE00D4ACAD /* View */ = {
			isa = PBXGroup;
			children = (
				01CA67B92BA42F7400D4ACAD /* TabBarView.swift */,
			);
			path = View;
			sourceTree = "<group>";
		};
		01CA67AA2BA42DCA00D4ACAD /* Presenter */ = {
			isa = PBXGroup;
			children = (
				01CA67BB2BA42FA700D4ACAD /* TabBarViewPresenter.swift */,
			);
			path = Presenter;
			sourceTree = "<group>";
		};
		01CA67AB2BA42DF100D4ACAD /* MainScreenModule */ = {
			isa = PBXGroup;
			children = (
				01CA67AE2BA42E3800D4ACAD /* Model */,
				01CA67AD2BA42E0700D4ACAD /* Presenter */,
				01CA67AC2BA42E0000D4ACAD /* View */,
			);
			path = MainScreenModule;
			sourceTree = "<group>";
		};
		01CA67AC2BA42E0000D4ACAD /* View */ = {
			isa = PBXGroup;
			children = (
				01CA67B12BA42EE800D4ACAD /* MainSreenView.swift */,
				01CA67BF2BA6CFFC00D4ACAD /* MainPostCell.swift */,
				01CA67C12BA6D05800D4ACAD /* MainPostHeader.swift */,
			);
			path = View;
			sourceTree = "<group>";
		};
		01CA67AD2BA42E0700D4ACAD /* Presenter */ = {
			isa = PBXGroup;
			children = (
				01CA67BD2BA433A600D4ACAD /* MainSreenPresenter.swift */,
			);
			path = Presenter;
			sourceTree = "<group>";
		};
		01CA67AE2BA42E3800D4ACAD /* Model */ = {
			isa = PBXGroup;
			children = (
				01CA67C52BA6D25C00D4ACAD /* PostItem.swift */,
			);
			path = Model;
			sourceTree = "<group>";
		};
		01CA67AF2BA42E9E00D4ACAD /* FavoriteModule */ = {
			isa = PBXGroup;
			children = (
				01CA67D12BA972FA00D4ACAD /* Presenter */,
				01CA67B42BA42EFB00D4ACAD /* View */,
			);
			path = FavoriteModule;
			sourceTree = "<group>";
		};
		01CA67B02BA42EB100D4ACAD /* CameraModule */ = {
			isa = PBXGroup;
			children = (
				013F29E02BB1DCAF00C837E0 /* CameraService */,
				018835A62BB00D9E00AF5897 /* Presenter */,
				01CA67B32BA42EF200D4ACAD /* View */,
			);
			path = CameraModule;
			sourceTree = "<group>";
		};
		01CA67B32BA42EF200D4ACAD /* View */ = {
			isa = PBXGroup;
			children = (
				01CA67B72BA42F3F00D4ACAD /* CameraView.swift */,
			);
			path = View;
			sourceTree = "<group>";
		};
		01CA67B42BA42EFB00D4ACAD /* View */ = {
			isa = PBXGroup;
			children = (
				01CA67B52BA42F2C00D4ACAD /* FavoritView.swift */,
				01CA67D42BA97CF400D4ACAD /* FavoriteCell.swift */,
			);
			path = View;
			sourceTree = "<group>";
		};
		01CA67CB2BA961AB00D4ACAD /* Helpers */ = {
			isa = PBXGroup;
			children = (
				01CA67DD2BAACEFE00D4ACAD /* NavigationHeader */,
				01CA67CC2BA961B500D4ACAD /* TagCollection */,
			);
			path = Helpers;
			sourceTree = "<group>";
		};
		01CA67CC2BA961B500D4ACAD /* TagCollection */ = {
			isa = PBXGroup;
			children = (
				01CA67CD2BA961CE00D4ACAD /* TagCollectionView.swift */,
				01CA67CF2BA9636F00D4ACAD /* TagCollectionCell.swift */,
			);
			path = TagCollection;
			sourceTree = "<group>";
		};
		01CA67D12BA972FA00D4ACAD /* Presenter */ = {
			isa = PBXGroup;
			children = (
				01CA67D22BA9731D00D4ACAD /* FavoriteViewPresenter.swift */,
			);
			path = Presenter;
			sourceTree = "<group>";
		};
		01CA67D62BAACA2F00D4ACAD /* DetailsModule */ = {
			isa = PBXGroup;
			children = (
				01CA67D82BAACA4F00D4ACAD /* Presenter */,
				01CA67D72BAACA4900D4ACAD /* View */,
			);
			path = DetailsModule;
			sourceTree = "<group>";
		};
		01CA67D72BAACA4900D4ACAD /* View */ = {
			isa = PBXGroup;
			children = (
				01CA67E02BAD511500D4ACAD /* Cell */,
				01CA67D92BAACA8400D4ACAD /* DetailsView.swift */,
			);
			path = View;
			sourceTree = "<group>";
		};
		01CA67D82BAACA4F00D4ACAD /* Presenter */ = {
			isa = PBXGroup;
			children = (
				01CA67DB2BAACA9A00D4ACAD /* DetailsViewPresenter.swift */,
			);
			path = Presenter;
			sourceTree = "<group>";
		};
		01CA67DD2BAACEFE00D4ACAD /* NavigationHeader */ = {
			isa = PBXGroup;
			children = (
				01CA67DE2BAACF2400D4ACAD /* NavigationHeader.swift */,
			);
			path = NavigationHeader;
			sourceTree = "<group>";
		};
		01CA67E02BAD511500D4ACAD /* Cell */ = {
			isa = PBXGroup;
			children = (
				01CA67E12BAD515800D4ACAD /* DetailsPhotoCell.swift */,
				01CA67E32BAD555400D4ACAD /* DetailsDescriptionCell.swift */,
				01CA67E52BAD5D2300D4ACAD /* DetailsAddCommnetCell.swift */,
				01CA67E92BAD611C00D4ACAD /* DetailsMapCell.swift */,
			);
			path = Cell;
			sourceTree = "<group>";
		};
		01CA67EB2BAD64D300D4ACAD /* PhotoViewModule */ = {
			isa = PBXGroup;
			children = (
				01CA67ED2BAD651400D4ACAD /* Presenter */,
				01CA67EC2BAD651000D4ACAD /* View */,
			);
			path = PhotoViewModule;
			sourceTree = "<group>";
		};
		01CA67EC2BAD651000D4ACAD /* View */ = {
			isa = PBXGroup;
			children = (
				01CA67EE2BAD657000D4ACAD /* PhotoView.swift */,
			);
			path = View;
			sourceTree = "<group>";
		};
		01CA67ED2BAD651400D4ACAD /* Presenter */ = {
			isa = PBXGroup;
			children = (
				01CA67F02BAD6B1100D4ACAD /* PhotoViewPresenter.swift */,
			);
			path = Presenter;
			sourceTree = "<group>";
		};
/* End PBXGroup section */

/* Begin PBXNativeTarget section */
		01CA67782BA2BD1400D4ACAD /* App1 */ = {
			isa = PBXNativeTarget;
			buildConfigurationList = 01CA678D2BA2BD1700D4ACAD /* Build configuration list for PBXNativeTarget "App1" */;
			buildPhases = (
				01CA67752BA2BD1400D4ACAD /* Sources */,
				01CA67762BA2BD1400D4ACAD /* Frameworks */,
				01CA67772BA2BD1400D4ACAD /* Resources */,
			);
			buildRules = (
			);
			dependencies = (
			);
			name = App1;
			packageProductDependencies = (
				01CA67A42BA422BF00D4ACAD /* KeychainAccess */,
			);
			productName = App1;
			productReference = 01CA67792BA2BD1400D4ACAD /* App1.app */;
			productType = "com.apple.product-type.application";
		};
/* End PBXNativeTarget section */

/* Begin PBXProject section */
		01CA67712BA2BD1400D4ACAD /* Project object */ = {
			isa = PBXProject;
			attributes = {
				BuildIndependentTargetsInParallel = 1;
				LastSwiftUpdateCheck = 1510;
				LastUpgradeCheck = 1510;
				TargetAttributes = {
					01CA67782BA2BD1400D4ACAD = {
						CreatedOnToolsVersion = 15.1;
					};
				};
			};
			buildConfigurationList = 01CA67742BA2BD1400D4ACAD /* Build configuration list for PBXProject "App1" */;
			compatibilityVersion = "Xcode 14.0";
			developmentRegion = en;
			hasScannedForEncodings = 0;
			knownRegions = (
				en,
				Base,
			);
			mainGroup = 01CA67702BA2BD1400D4ACAD;
			packageReferences = (
				01CA67A32BA422BF00D4ACAD /* XCRemoteSwiftPackageReference "KeychainAccess" */,
			);
			productRefGroup = 01CA677A2BA2BD1400D4ACAD /* Products */;
			projectDirPath = "";
			projectRoot = "";
			targets = (
				01CA67782BA2BD1400D4ACAD /* App1 */,
			);
		};
/* End PBXProject section */

/* Begin PBXResourcesBuildPhase section */
		01CA67772BA2BD1400D4ACAD /* Resources */ = {
			isa = PBXResourcesBuildPhase;
			buildActionMask = 2147483647;
			files = (
				01CA67892BA2BD1700D4ACAD /* LaunchScreen.storyboard in Resources */,
				01CA67862BA2BD1700D4ACAD /* Assets.xcassets in Resources */,
			);
			runOnlyForDeploymentPostprocessing = 0;
		};
/* End PBXResourcesBuildPhase section */

/* Begin PBXSourcesBuildPhase section */
		01CA67752BA2BD1400D4ACAD /* Sources */ = {
			isa = PBXSourcesBuildPhase;
			buildActionMask = 2147483647;
			files = (
				01CA67C62BA6D25C00D4ACAD /* PostItem.swift in Sources */,
				01CA67B62BA42F2C00D4ACAD /* FavoritView.swift in Sources */,
				01CA677D2BA2BD1400D4ACAD /* AppDelegate.swift in Sources */,
				01CA67952BA2BF5800D4ACAD /* PasscodeView.swift in Sources */,
				01CA67C22BA6D05800D4ACAD /* MainPostHeader.swift in Sources */,
				018835A52BB008CB00AF5897 /* NSNotification.Name.ext.swift in Sources */,
				01CA67E82BAD5DE300D4ACAD /* UITextFiled.ext.swift in Sources */,
				01CA67DF2BAACF2400D4ACAD /* NavigationHeader.swift in Sources */,
				01CA67C82BA8195800D4ACAD /* Date.ext.swift in Sources */,
				01CA67E42BAD555400D4ACAD /* DetailsDescriptionCell.swift in Sources */,
				01CA67A22BA4223500D4ACAD /* KeychainManager.swift in Sources */,
				01CA67D32BA9731D00D4ACAD /* FavoriteViewPresenter.swift in Sources */,
				01CA67E62BAD5D2300D4ACAD /* DetailsAddCommnetCell.swift in Sources */,
				01CA67CA2BA8242F00D4ACAD /* UIAplication.ext.swift in Sources */,
				01CA67BA2BA42F7400D4ACAD /* TabBarView.swift in Sources */,
				01CA67992BA2BF8900D4ACAD /* Builder.swift in Sources */,
				01CA67DA2BAACA8400D4ACAD /* DetailsView.swift in Sources */,
				01CA677F2BA2BD1400D4ACAD /* SceneDelegate.swift in Sources */,
				01CA67CE2BA961CE00D4ACAD /* TagCollectionView.swift in Sources */,
				01CA67DC2BAACA9A00D4ACAD /* DetailsViewPresenter.swift in Sources */,
				01CA67EA2BAD611C00D4ACAD /* DetailsMapCell.swift in Sources */,
				018835A82BB00DAE00AF5897 /* CameraViewPresenter.swift in Sources */,
				01CA67F12BAD6B1100D4ACAD /* PhotoViewPresenter.swift in Sources */,
				01CA67B22BA42EE800D4ACAD /* MainSreenView.swift in Sources */,
				01CA67BC2BA42FA700D4ACAD /* TabBarViewPresenter.swift in Sources */,
				01CA67B82BA42F3F00D4ACAD /* CameraView.swift in Sources */,
				01CA67C42BA6D24600D4ACAD /* File.swift in Sources */,
				01CA67D02BA9636F00D4ACAD /* TagCollectionCell.swift in Sources */,
				01CA67E22BAD515800D4ACAD /* DetailsPhotoCell.swift in Sources */,
				013F29E22BB1DCD500C837E0 /* CameraService.swift in Sources */,
				01CA679F2BA2C77C00D4ACAD /* UIVew.ext.swift in Sources */,
				01CA67EF2BAD657000D4ACAD /* PhotoView.swift in Sources */,
				01CA679C2BA2C1C000D4ACAD /* PasscodePresenter.swift in Sources */,
				01CA67A72BA427F000D4ACAD /* StringProtocolExtesion.swift in Sources */,
				01CA67D52BA97CF400D4ACAD /* FavoriteCell.swift in Sources */,
				01CA67C02BA6CFFD00D4ACAD /* MainPostCell.swift in Sources */,
				01CA67BE2BA433A600D4ACAD /* MainSreenPresenter.swift in Sources */,
			);
			runOnlyForDeploymentPostprocessing = 0;
		};
/* End PBXSourcesBuildPhase section */

/* Begin PBXVariantGroup section */
		01CA67872BA2BD1700D4ACAD /* LaunchScreen.storyboard */ = {
			isa = PBXVariantGroup;
			children = (
				01CA67882BA2BD1700D4ACAD /* Base */,
			);
			name = LaunchScreen.storyboard;
			sourceTree = "<group>";
		};
/* End PBXVariantGroup section */

/* Begin XCBuildConfiguration section */
		01CA678B2BA2BD1700D4ACAD /* Debug */ = {
			isa = XCBuildConfiguration;
			buildSettings = {
				ALWAYS_SEARCH_USER_PATHS = NO;
				ASSETCATALOG_COMPILER_GENERATE_SWIFT_ASSET_SYMBOL_EXTENSIONS = YES;
				CLANG_ANALYZER_NONNULL = YES;
				CLANG_ANALYZER_NUMBER_OBJECT_CONVERSION = YES_AGGRESSIVE;
				CLANG_CXX_LANGUAGE_STANDARD = "gnu++20";
				CLANG_ENABLE_MODULES = YES;
				CLANG_ENABLE_OBJC_ARC = YES;
				CLANG_ENABLE_OBJC_WEAK = YES;
				CLANG_WARN_BLOCK_CAPTURE_AUTORELEASING = YES;
				CLANG_WARN_BOOL_CONVERSION = YES;
				CLANG_WARN_COMMA = YES;
				CLANG_WARN_CONSTANT_CONVERSION = YES;
				CLANG_WARN_DEPRECATED_OBJC_IMPLEMENTATIONS = YES;
				CLANG_WARN_DIRECT_OBJC_ISA_USAGE = YES_ERROR;
				CLANG_WARN_DOCUMENTATION_COMMENTS = YES;
				CLANG_WARN_EMPTY_BODY = YES;
				CLANG_WARN_ENUM_CONVERSION = YES;
				CLANG_WARN_INFINITE_RECURSION = YES;
				CLANG_WARN_INT_CONVERSION = YES;
				CLANG_WARN_NON_LITERAL_NULL_CONVERSION = YES;
				CLANG_WARN_OBJC_IMPLICIT_RETAIN_SELF = YES;
				CLANG_WARN_OBJC_LITERAL_CONVERSION = YES;
				CLANG_WARN_OBJC_ROOT_CLASS = YES_ERROR;
				CLANG_WARN_QUOTED_INCLUDE_IN_FRAMEWORK_HEADER = YES;
				CLANG_WARN_RANGE_LOOP_ANALYSIS = YES;
				CLANG_WARN_STRICT_PROTOTYPES = YES;
				CLANG_WARN_SUSPICIOUS_MOVE = YES;
				CLANG_WARN_UNGUARDED_AVAILABILITY = YES_AGGRESSIVE;
				CLANG_WARN_UNREACHABLE_CODE = YES;
				CLANG_WARN__DUPLICATE_METHOD_MATCH = YES;
				COPY_PHASE_STRIP = NO;
				DEBUG_INFORMATION_FORMAT = dwarf;
				ENABLE_STRICT_OBJC_MSGSEND = YES;
				ENABLE_TESTABILITY = YES;
				ENABLE_USER_SCRIPT_SANDBOXING = YES;
				GCC_C_LANGUAGE_STANDARD = gnu17;
				GCC_DYNAMIC_NO_PIC = NO;
				GCC_NO_COMMON_BLOCKS = YES;
				GCC_OPTIMIZATION_LEVEL = 0;
				GCC_PREPROCESSOR_DEFINITIONS = (
					"DEBUG=1",
					"$(inherited)",
				);
				GCC_WARN_64_TO_32_BIT_CONVERSION = YES;
				GCC_WARN_ABOUT_RETURN_TYPE = YES_ERROR;
				GCC_WARN_UNDECLARED_SELECTOR = YES;
				GCC_WARN_UNINITIALIZED_AUTOS = YES_AGGRESSIVE;
				GCC_WARN_UNUSED_FUNCTION = YES;
				GCC_WARN_UNUSED_VARIABLE = YES;
				IPHONEOS_DEPLOYMENT_TARGET = 17.2;
				LOCALIZATION_PREFERS_STRING_CATALOGS = YES;
				MTL_ENABLE_DEBUG_INFO = INCLUDE_SOURCE;
				MTL_FAST_MATH = YES;
				ONLY_ACTIVE_ARCH = YES;
				SDKROOT = iphoneos;
				SWIFT_ACTIVE_COMPILATION_CONDITIONS = "DEBUG $(inherited)";
				SWIFT_OPTIMIZATION_LEVEL = "-Onone";
			};
			name = Debug;
		};
		01CA678C2BA2BD1700D4ACAD /* Release */ = {
			isa = XCBuildConfiguration;
			buildSettings = {
				ALWAYS_SEARCH_USER_PATHS = NO;
				ASSETCATALOG_COMPILER_GENERATE_SWIFT_ASSET_SYMBOL_EXTENSIONS = YES;
				CLANG_ANALYZER_NONNULL = YES;
				CLANG_ANALYZER_NUMBER_OBJECT_CONVERSION = YES_AGGRESSIVE;
				CLANG_CXX_LANGUAGE_STANDARD = "gnu++20";
				CLANG_ENABLE_MODULES = YES;
				CLANG_ENABLE_OBJC_ARC = YES;
				CLANG_ENABLE_OBJC_WEAK = YES;
				CLANG_WARN_BLOCK_CAPTURE_AUTORELEASING = YES;
				CLANG_WARN_BOOL_CONVERSION = YES;
				CLANG_WARN_COMMA = YES;
				CLANG_WARN_CONSTANT_CONVERSION = YES;
				CLANG_WARN_DEPRECATED_OBJC_IMPLEMENTATIONS = YES;
				CLANG_WARN_DIRECT_OBJC_ISA_USAGE = YES_ERROR;
				CLANG_WARN_DOCUMENTATION_COMMENTS = YES;
				CLANG_WARN_EMPTY_BODY = YES;
				CLANG_WARN_ENUM_CONVERSION = YES;
				CLANG_WARN_INFINITE_RECURSION = YES;
				CLANG_WARN_INT_CONVERSION = YES;
				CLANG_WARN_NON_LITERAL_NULL_CONVERSION = YES;
				CLANG_WARN_OBJC_IMPLICIT_RETAIN_SELF = YES;
				CLANG_WARN_OBJC_LITERAL_CONVERSION = YES;
				CLANG_WARN_OBJC_ROOT_CLASS = YES_ERROR;
				CLANG_WARN_QUOTED_INCLUDE_IN_FRAMEWORK_HEADER = YES;
				CLANG_WARN_RANGE_LOOP_ANALYSIS = YES;
				CLANG_WARN_STRICT_PROTOTYPES = YES;
				CLANG_WARN_SUSPICIOUS_MOVE = YES;
				CLANG_WARN_UNGUARDED_AVAILABILITY = YES_AGGRESSIVE;
				CLANG_WARN_UNREACHABLE_CODE = YES;
				CLANG_WARN__DUPLICATE_METHOD_MATCH = YES;
				COPY_PHASE_STRIP = NO;
				DEBUG_INFORMATION_FORMAT = "dwarf-with-dsym";
				ENABLE_NS_ASSERTIONS = NO;
				ENABLE_STRICT_OBJC_MSGSEND = YES;
				ENABLE_USER_SCRIPT_SANDBOXING = YES;
				GCC_C_LANGUAGE_STANDARD = gnu17;
				GCC_NO_COMMON_BLOCKS = YES;
				GCC_WARN_64_TO_32_BIT_CONVERSION = YES;
				GCC_WARN_ABOUT_RETURN_TYPE = YES_ERROR;
				GCC_WARN_UNDECLARED_SELECTOR = YES;
				GCC_WARN_UNINITIALIZED_AUTOS = YES_AGGRESSIVE;
				GCC_WARN_UNUSED_FUNCTION = YES;
				GCC_WARN_UNUSED_VARIABLE = YES;
				IPHONEOS_DEPLOYMENT_TARGET = 17.2;
				LOCALIZATION_PREFERS_STRING_CATALOGS = YES;
				MTL_ENABLE_DEBUG_INFO = NO;
				MTL_FAST_MATH = YES;
				SDKROOT = iphoneos;
				SWIFT_COMPILATION_MODE = wholemodule;
				VALIDATE_PRODUCT = YES;
			};
			name = Release;
		};
		01CA678E2BA2BD1700D4ACAD /* Debug */ = {
			isa = XCBuildConfiguration;
			buildSettings = {
				ASSETCATALOG_COMPILER_APPICON_NAME = AppIcon;
				ASSETCATALOG_COMPILER_GLOBAL_ACCENT_COLOR_NAME = AccentColor;
				CODE_SIGN_STYLE = Automatic;
				CURRENT_PROJECT_VERSION = 1;
				DEVELOPMENT_TEAM = P5MXWP66K9;
				GENERATE_INFOPLIST_FILE = YES;
				INFOPLIST_FILE = App1/Info.plist;
				INFOPLIST_KEY_NSCalendarsUsageDescription = "This app using your camera";
				INFOPLIST_KEY_UILaunchStoryboardName = LaunchScreen;
				INFOPLIST_KEY_UISupportedInterfaceOrientations_iPad = "UIInterfaceOrientationPortrait UIInterfaceOrientationPortraitUpsideDown UIInterfaceOrientationLandscapeLeft UIInterfaceOrientationLandscapeRight";
				INFOPLIST_KEY_UISupportedInterfaceOrientations_iPhone = "UIInterfaceOrientationPortrait UIInterfaceOrientationLandscapeLeft UIInterfaceOrientationLandscapeRight";
				LD_RUNPATH_SEARCH_PATHS = (
					"$(inherited)",
					"@executable_path/Frameworks",
				);
				MARKETING_VERSION = 1.0;
				PRODUCT_BUNDLE_IDENTIFIER = com.shipovskiy.App1;
				PRODUCT_NAME = "$(TARGET_NAME)";
				SWIFT_EMIT_LOC_STRINGS = YES;
				SWIFT_VERSION = 5.0;
				TARGETED_DEVICE_FAMILY = "1,2";
			};
			name = Debug;
		};
		01CA678F2BA2BD1700D4ACAD /* Release */ = {
			isa = XCBuildConfiguration;
			buildSettings = {
				ASSETCATALOG_COMPILER_APPICON_NAME = AppIcon;
				ASSETCATALOG_COMPILER_GLOBAL_ACCENT_COLOR_NAME = AccentColor;
				CODE_SIGN_STYLE = Automatic;
				CURRENT_PROJECT_VERSION = 1;
				DEVELOPMENT_TEAM = P5MXWP66K9;
				GENERATE_INFOPLIST_FILE = YES;
				INFOPLIST_FILE = App1/Info.plist;
				INFOPLIST_KEY_NSCalendarsUsageDescription = "This app using your camera";
				INFOPLIST_KEY_UILaunchStoryboardName = LaunchScreen;
				INFOPLIST_KEY_UISupportedInterfaceOrientations_iPad = "UIInterfaceOrientationPortrait UIInterfaceOrientationPortraitUpsideDown UIInterfaceOrientationLandscapeLeft UIInterfaceOrientationLandscapeRight";
				INFOPLIST_KEY_UISupportedInterfaceOrientations_iPhone = "UIInterfaceOrientationPortrait UIInterfaceOrientationLandscapeLeft UIInterfaceOrientationLandscapeRight";
				LD_RUNPATH_SEARCH_PATHS = (
					"$(inherited)",
					"@executable_path/Frameworks",
				);
				MARKETING_VERSION = 1.0;
				PRODUCT_BUNDLE_IDENTIFIER = com.shipovskiy.App1;
				PRODUCT_NAME = "$(TARGET_NAME)";
				SWIFT_EMIT_LOC_STRINGS = YES;
				SWIFT_VERSION = 5.0;
				TARGETED_DEVICE_FAMILY = "1,2";
			};
			name = Release;
		};
/* End XCBuildConfiguration section */

/* Begin XCConfigurationList section */
		01CA67742BA2BD1400D4ACAD /* Build configuration list for PBXProject "App1" */ = {
			isa = XCConfigurationList;
			buildConfigurations = (
				01CA678B2BA2BD1700D4ACAD /* Debug */,
				01CA678C2BA2BD1700D4ACAD /* Release */,
			);
			defaultConfigurationIsVisible = 0;
			defaultConfigurationName = Release;
		};
		01CA678D2BA2BD1700D4ACAD /* Build configuration list for PBXNativeTarget "App1" */ = {
			isa = XCConfigurationList;
			buildConfigurations = (
				01CA678E2BA2BD1700D4ACAD /* Debug */,
				01CA678F2BA2BD1700D4ACAD /* Release */,
			);
			defaultConfigurationIsVisible = 0;
			defaultConfigurationName = Release;
		};
/* End XCConfigurationList section */

/* Begin XCRemoteSwiftPackageReference section */
		01CA67A32BA422BF00D4ACAD /* XCRemoteSwiftPackageReference "KeychainAccess" */ = {
			isa = XCRemoteSwiftPackageReference;
			repositoryURL = "https://github.com/kishikawakatsumi/KeychainAccess";
			requirement = {
				branch = master;
				kind = branch;
			};
		};
/* End XCRemoteSwiftPackageReference section */

/* Begin XCSwiftPackageProductDependency section */
		01CA67A42BA422BF00D4ACAD /* KeychainAccess */ = {
			isa = XCSwiftPackageProductDependency;
			package = 01CA67A32BA422BF00D4ACAD /* XCRemoteSwiftPackageReference "KeychainAccess" */;
			productName = KeychainAccess;
		};
/* End XCSwiftPackageProductDependency section */
	};
	rootObject = 01CA67712BA2BD1400D4ACAD /* Project object */;
}
